
Microsoft Visual Studio Solution File, Format Version 12.00
# Visual Studio Version 17
VisualStudioVersion = 17.12.35514.174 d17.12
MinimumVisualStudioVersion = 10.0.40219.1
Project("{C9674DCB-5085-4A16-B785-4C70DD1589BD}") = "SQL-Server to MySQL Northwind", "SQL-Server to MySQL Northwind\SQL-Server to MySQL Northwind.dtproj", "{2A9803AF-468C-4F92-81C6-A30605541868}"
EndProject
Global
	GlobalSection(SolutionConfigurationPlatforms) = preSolution
		Development|Default = Development|Default
	EndGlobalSection
	GlobalSection(ProjectConfigurationPlatforms) = postSolution
		{2A9803AF-468C-4F92-81C6-A30605541868}.Development|Default.ActiveCfg = Development
		{2A9803AF-468C-4F92-81C6-A30605541868}.Development|Default.Build.0 = Development
	EndGlobalSection
	GlobalSection(SolutionProperties) = preSolution
		HideSolutionNode = FALSE
	EndGlobalSection
EndGlobal
